
Microsoft Visual Studio Solution File, Format Version 12.00
# Visual Studio 2013
VisualStudioVersion = 12.0.31101.0
MinimumVisualStudioVersion = 10.0.40219.1
Project("{FAE04EC0-301F-11D3-BF4B-00C04F79EFBC}") = "AsyncronousConsole", "AsyncronousConsole\AsyncronousConsole.csproj", "{6470E67B-5A83-4ABB-9576-5E5AC3A470E4}"
EndProject
Project("{FAE04EC0-301F-11D3-BF4B-00C04F79EFBC}") = "Sample", "Sample\Sample.csproj", "{2A6AE5D1-8BC0-4E82-8CF7-B7DF1CC5FA60}"
EndProject
Project("{2150E333-8FDC-42A3-9474-1A3956D46DE8}") = "Documentation", "Documentation", "{07A9943E-8311-4440-B3A4-17DEE136206F}"
	ProjectSection(SolutionItems) = preProject
		..\README.md = ..\README.md
		..\README.temp.md = ..\README.temp.md
	EndProjectSection
EndProject
Global
	GlobalSection(SolutionConfigurationPlatforms) = preSolution
		Debug|Any CPU = Debug|Any CPU
		Release|Any CPU = Release|Any CPU
	EndGlobalSection
	GlobalSection(ProjectConfigurationPlatforms) = postSolution
		{6470E67B-5A83-4ABB-9576-5E5AC3A470E4}.Debug|Any CPU.ActiveCfg = Debug|Any CPU
		{6470E67B-5A83-4ABB-9576-5E5AC3A470E4}.Debug|Any CPU.Build.0 = Debug|Any CPU
		{6470E67B-5A83-4ABB-9576-5E5AC3A470E4}.Release|Any CPU.ActiveCfg = Release|Any CPU
		{6470E67B-5A83-4ABB-9576-5E5AC3A470E4}.Release|Any CPU.Build.0 = Release|Any CPU
		{2A6AE5D1-8BC0-4E82-8CF7-B7DF1CC5FA60}.Debug|Any CPU.ActiveCfg = Debug|Any CPU
		{2A6AE5D1-8BC0-4E82-8CF7-B7DF1CC5FA60}.Debug|Any CPU.Build.0 = Debug|Any CPU
		{2A6AE5D1-8BC0-4E82-8CF7-B7DF1CC5FA60}.Release|Any CPU.ActiveCfg = Release|Any CPU
		{2A6AE5D1-8BC0-4E82-8CF7-B7DF1CC5FA60}.Release|Any CPU.Build.0 = Release|Any CPU
	EndGlobalSection
	GlobalSection(SolutionProperties) = preSolution
		HideSolutionNode = FALSE
	EndGlobalSection
EndGlobal
